
Microsoft Visual Studio Solution File, Format Version 12.00
# Visual Studio Version 16
VisualStudioVersion = 16.0.30717.126
MinimumVisualStudioVersion = 10.0.40219.1
Project("{FAE04EC0-301F-11D3-BF4B-00C04F79EFBC}") = "Distributed-eStore.Api.Gateway", "Distributed-eStore.Api.Gateway\Distributed-eStore.Api.Gateway.csproj", "{00B2F42A-E8A4-46D7-8009-D0ACFD623A65}"
EndProject
Global
	GlobalSection(SolutionConfigurationPlatforms) = preSolution
		Debug|Any CPU = Debug|Any CPU
		Release|Any CPU = Release|Any CPU
	EndGlobalSection
	GlobalSection(ProjectConfigurationPlatforms) = postSolution
		{00B2F42A-E8A4-46D7-8009-D0ACFD623A65}.Debug|Any CPU.ActiveCfg = Debug|Any CPU
		{00B2F42A-E8A4-46D7-8009-D0ACFD623A65}.Debug|Any CPU.Build.0 = Debug|Any CPU
		{00B2F42A-E8A4-46D7-8009-D0ACFD623A65}.Release|Any CPU.ActiveCfg = Release|Any CPU
		{00B2F42A-E8A4-46D7-8009-D0ACFD623A65}.Release|Any CPU.Build.0 = Release|Any CPU
	EndGlobalSection
	GlobalSection(SolutionProperties) = preSolution
		HideSolutionNode = FALSE
	EndGlobalSection
	GlobalSection(ExtensibilityGlobals) = postSolution
		SolutionGuid = {5CB27469-4DF9-42FB-B2A8-BE3601ADA75F}
	EndGlobalSection
EndGlobal
