
Microsoft Visual Studio Solution File, Format Version 12.00
# Visual Studio Version 16
VisualStudioVersion = 16.0.30717.126
MinimumVisualStudioVersion = 15.0.26124.0
Project("{FAE04EC0-301F-11D3-BF4B-00C04F79EFBC}") = "Distributed.eStore.Common", "src\Distributed.eStore.Common.csproj", "{39FEBC5C-5AAF-469A-9871-A3730F38BDAD}"
EndProject
Global
	GlobalSection(SolutionConfigurationPlatforms) = preSolution
		Debug|Any CPU = Debug|Any CPU
		Debug|ARM = Debug|ARM
		Debug|ARM64 = Debug|ARM64
		Debug|x64 = Debug|x64
		Debug|x86 = Debug|x86
		Release|Any CPU = Release|Any CPU
		Release|ARM = Release|ARM
		Release|ARM64 = Release|ARM64
		Release|x64 = Release|x64
		Release|x86 = Release|x86
	EndGlobalSection
	GlobalSection(ProjectConfigurationPlatforms) = postSolution
		{39FEBC5C-5AAF-469A-9871-A3730F38BDAD}.Debug|Any CPU.ActiveCfg = Debug|Any CPU
		{39FEBC5C-5AAF-469A-9871-A3730F38BDAD}.Debug|Any CPU.Build.0 = Debug|Any CPU
		{39FEBC5C-5AAF-469A-9871-A3730F38BDAD}.Debug|ARM.ActiveCfg = Debug|ARM
		{39FEBC5C-5AAF-469A-9871-A3730F38BDAD}.Debug|ARM.Build.0 = Debug|ARM
		{39FEBC5C-5AAF-469A-9871-A3730F38BDAD}.Debug|ARM64.ActiveCfg = Debug|ARM64
		{39FEBC5C-5AAF-469A-9871-A3730F38BDAD}.Debug|ARM64.Build.0 = Debug|ARM64
		{39FEBC5C-5AAF-469A-9871-A3730F38BDAD}.Debug|x64.ActiveCfg = Debug|x64
		{39FEBC5C-5AAF-469A-9871-A3730F38BDAD}.Debug|x64.Build.0 = Debug|x64
		{39FEBC5C-5AAF-469A-9871-A3730F38BDAD}.Debug|x86.ActiveCfg = Debug|x86
		{39FEBC5C-5AAF-469A-9871-A3730F38BDAD}.Debug|x86.Build.0 = Debug|x86
		{39FEBC5C-5AAF-469A-9871-A3730F38BDAD}.Release|Any CPU.ActiveCfg = Release|Any CPU
		{39FEBC5C-5AAF-469A-9871-A3730F38BDAD}.Release|Any CPU.Build.0 = Release|Any CPU
		{39FEBC5C-5AAF-469A-9871-A3730F38BDAD}.Release|ARM.ActiveCfg = Release|ARM
		{39FEBC5C-5AAF-469A-9871-A3730F38BDAD}.Release|ARM.Build.0 = Release|ARM
		{39FEBC5C-5AAF-469A-9871-A3730F38BDAD}.Release|ARM64.ActiveCfg = Release|ARM64
		{39FEBC5C-5AAF-469A-9871-A3730F38BDAD}.Release|ARM64.Build.0 = Release|ARM64
		{39FEBC5C-5AAF-469A-9871-A3730F38BDAD}.Release|x64.ActiveCfg = Release|x64
		{39FEBC5C-5AAF-469A-9871-A3730F38BDAD}.Release|x64.Build.0 = Release|x64
		{39FEBC5C-5AAF-469A-9871-A3730F38BDAD}.Release|x86.ActiveCfg = Release|x86
		{39FEBC5C-5AAF-469A-9871-A3730F38BDAD}.Release|x86.Build.0 = Release|x86
	EndGlobalSection
	GlobalSection(SolutionProperties) = preSolution
		HideSolutionNode = FALSE
	EndGlobalSection
	GlobalSection(ExtensibilityGlobals) = postSolution
		SolutionGuid = {1374E661-1516-4D28-A7D9-4C6ADAAEE966}
	EndGlobalSection
EndGlobal
